
Microsoft Visual Studio Solution File, Format Version 12.00
# Visual Studio Version 17
VisualStudioVersion = 17.11.35312.102
MinimumVisualStudioVersion = 10.0.40219.1
Project("{FAE04EC0-301F-11D3-BF4B-00C04F79EFBC}") = "LiteratureSolitaire", "LiteratureSolitaire\LiteratureSolitaire.csproj", "{9A9D256E-64E2-4B96-A10E-CB5E004320D1}"
EndProject
Project("{FAE04EC0-301F-11D3-BF4B-00C04F79EFBC}") = "LiteratureSolitaire.Core", "LiteratureSolitaire.Core\LiteratureSolitaire.Core.csproj", "{5748AF74-985E-4D55-9C23-FF2B9FA1CF25}"
EndProject
Project("{FAE04EC0-301F-11D3-BF4B-00C04F79EFBC}") = "LiteratureSolitaire.Infrastructure", "LiteratureSolitaire.Infrastructure\LiteratureSolitaire.Infrastructure.csproj", "{D325EEF4-2F4E-42FB-8AB8-34D2D733A75E}"
EndProject
Global
	GlobalSection(SolutionConfigurationPlatforms) = preSolution
		Debug|Any CPU = Debug|Any CPU
		Release|Any CPU = Release|Any CPU
	EndGlobalSection
	GlobalSection(ProjectConfigurationPlatforms) = postSolution
		{9A9D256E-64E2-4B96-A10E-CB5E004320D1}.Debug|Any CPU.ActiveCfg = Debug|Any CPU
		{9A9D256E-64E2-4B96-A10E-CB5E004320D1}.Debug|Any CPU.Build.0 = Debug|Any CPU
		{9A9D256E-64E2-4B96-A10E-CB5E004320D1}.Release|Any CPU.ActiveCfg = Release|Any CPU
		{9A9D256E-64E2-4B96-A10E-CB5E004320D1}.Release|Any CPU.Build.0 = Release|Any CPU
		{5748AF74-985E-4D55-9C23-FF2B9FA1CF25}.Debug|Any CPU.ActiveCfg = Debug|Any CPU
		{5748AF74-985E-4D55-9C23-FF2B9FA1CF25}.Debug|Any CPU.Build.0 = Debug|Any CPU
		{5748AF74-985E-4D55-9C23-FF2B9FA1CF25}.Release|Any CPU.ActiveCfg = Release|Any CPU
		{5748AF74-985E-4D55-9C23-FF2B9FA1CF25}.Release|Any CPU.Build.0 = Release|Any CPU
		{D325EEF4-2F4E-42FB-8AB8-34D2D733A75E}.Debug|Any CPU.ActiveCfg = Debug|Any CPU
		{D325EEF4-2F4E-42FB-8AB8-34D2D733A75E}.Debug|Any CPU.Build.0 = Debug|Any CPU
		{D325EEF4-2F4E-42FB-8AB8-34D2D733A75E}.Release|Any CPU.ActiveCfg = Release|Any CPU
		{D325EEF4-2F4E-42FB-8AB8-34D2D733A75E}.Release|Any CPU.Build.0 = Release|Any CPU
	EndGlobalSection
	GlobalSection(SolutionProperties) = preSolution
		HideSolutionNode = FALSE
	EndGlobalSection
	GlobalSection(ExtensibilityGlobals) = postSolution
		SolutionGuid = {3E963DA5-0E73-404C-91FB-A2A045C4E448}
	EndGlobalSection
EndGlobal
